
Microsoft Visual Studio Solution File, Format Version 12.00
# Visual Studio Version 17
VisualStudioVersion = 17.13.35825.156
MinimumVisualStudioVersion = 10.0.40219.1
Project("{FAE04EC0-301F-11D3-BF4B-00C04F79EFBC}") = "TN01_WFCadastroContato", "TN01_WFCadastroContato\TN01_WFCadastroContato.csproj", "{F6D0F9BD-8A52-4260-B9BD-3EFFD48C0C0F}"
EndProject
Project("{FAE04EC0-301F-11D3-BF4B-00C04F79EFBC}") = "WFAcesso", "WFAcesso\WFAcesso.csproj", "{DE9EB2EF-F2C8-4576-9112-568041FA1A4E}"
EndProject
Global
	GlobalSection(SolutionConfigurationPlatforms) = preSolution
		Debug|Any CPU = Debug|Any CPU
		Release|Any CPU = Release|Any CPU
	EndGlobalSection
	GlobalSection(ProjectConfigurationPlatforms) = postSolution
		{F6D0F9BD-8A52-4260-B9BD-3EFFD48C0C0F}.Debug|Any CPU.ActiveCfg = Debug|Any CPU
		{F6D0F9BD-8A52-4260-B9BD-3EFFD48C0C0F}.Debug|Any CPU.Build.0 = Debug|Any CPU
		{F6D0F9BD-8A52-4260-B9BD-3EFFD48C0C0F}.Release|Any CPU.ActiveCfg = Release|Any CPU
		{F6D0F9BD-8A52-4260-B9BD-3EFFD48C0C0F}.Release|Any CPU.Build.0 = Release|Any CPU
		{DE9EB2EF-F2C8-4576-9112-568041FA1A4E}.Debug|Any CPU.ActiveCfg = Debug|Any CPU
		{DE9EB2EF-F2C8-4576-9112-568041FA1A4E}.Debug|Any CPU.Build.0 = Debug|Any CPU
		{DE9EB2EF-F2C8-4576-9112-568041FA1A4E}.Release|Any CPU.ActiveCfg = Release|Any CPU
		{DE9EB2EF-F2C8-4576-9112-568041FA1A4E}.Release|Any CPU.Build.0 = Release|Any CPU
	EndGlobalSection
	GlobalSection(SolutionProperties) = preSolution
		HideSolutionNode = FALSE
	EndGlobalSection
	GlobalSection(ExtensibilityGlobals) = postSolution
		SolutionGuid = {129F9435-884F-44E5-AB2E-616C76EAB54D}
	EndGlobalSection
EndGlobal
